// !$*UTF8*$!
{
	archiveVersion = 1;
	classes = {
	};
	objectVersion = 46;
	objects = {

/* Begin PBXBuildFile section */
		17D9416E1B02321700EC885E /* main.m in Sources */ = {isa = PBXBuildFile; fileRef = 17D9416D1B02321700EC885E /* main.m */; };
		17D941761B02330D00EC885E /* measurement.m in Sources */ = {isa = PBXBuildFile; fileRef = 17D941751B02330D00EC885E /* measurement.m */; };
/* End PBXBuildFile section */

/* Begin PBXCopyFilesBuildPhase section */
		17D941681B02321700EC885E /* CopyFiles */ = {
			isa = PBXCopyFilesBuildPhase;
			buildActionMask = 2147483647;
			dstPath = /usr/share/man/man1/;
			dstSubfolderSpec = 0;
			files = (
			);
			runOnlyForDeploymentPostprocessing = 1;
		};
/* End PBXCopyFilesBuildPhase section */

/* Begin PBXFileReference section */
		17D9416A1B02321700EC885E /* Measurement */ = {isa = PBXFileReference; explicitFileType = "compiled.mach-o.executable"; includeInIndex = 0; path = Measurement; sourceTree = BUILT_PRODUCTS_DIR; };
		17D9416D1B02321700EC885E /* main.m */ = {isa = PBXFileReference; lastKnownFileType = sourcecode.c.objc; path = main.m; sourceTree = "<group>"; };
		17D941741B0232E500EC885E /* measurement.h */ = {isa = PBXFileReference; lastKnownFileType = sourcecode.c.h; path = measurement.h; sourceTree = "<group>"; };
		17D941751B02330D00EC885E /* measurement.m */ = {isa = PBXFileReference; fileEncoding = 4; lastKnownFileType = sourcecode.c.objc; path = measurement.m; sourceTree = "<group>"; };
/* End PBXFileReference section */

/* Begin PBXFrameworksBuildPhase section */
		17D941671B02321700EC885E /* Frameworks */ = {
			isa = PBXFrameworksBuildPhase;
			buildActionMask = 2147483647;
			files = (
			);
			runOnlyForDeploymentPostprocessing = 0;
		};
/* End PBXFrameworksBuildPhase section */

/* Begin PBXGroup section */
		17D941611B02321700EC885E = {
			isa = PBXGroup;
			children = (
				17D9416C1B02321700EC885E /* Measurement */,
				17D9416B1B02321700EC885E /* Products */,
			);
			sourceTree = "<group>";
		};
		17D9416B1B02321700EC885E /* Products */ = {
			isa = PBXGroup;
			children = (
				17D9416A1B02321700EC885E /* Measurement */,
			);
			name = Products;
			sourceTree = "<group>";
		};
		17D9416C1B02321700EC885E /* Measurement */ = {
			isa = PBXGroup;
			children = (
				17D9416D1B02321700EC885E /* main.m */,
				17D941741B0232E500EC885E /* measurement.h */,
				17D941751B02330D00EC885E /* measurement.m */,
			);
			path = Measurement;
			sourceTree = "<group>";
		};
/* End PBXGroup section */

/* Begin PBXNativeTarget section */
		17D941691B02321700EC885E /* Measurement */ = {
			isa = PBXNativeTarget;
			buildConfigurationList = 17D941711B02321700EC885E /* Build configuration list for PBXNativeTarget "Measurement" */;
			buildPhases = (
				17D941661B02321700EC885E /* Sources */,
				17D941671B02321700EC885E /* Frameworks */,
				17D941681B02321700EC885E /* CopyFiles */,
			);
			buildRules = (
			);
			dependencies = (
			);
			name = Measurement;
			productName = Measurement;
			productReference = 17D9416A1B02321700EC885E /* Measurement */;
			productType = "com.apple.product-type.tool";
		};
/* End PBXNativeTarget section */

/* Begin PBXProject section */
		17D941621B02321700EC885E /* Project object */ = {
			isa = PBXProject;
			attributes = {
				LastUpgradeCheck = 0630;
				ORGANIZATIONNAME = "Jared Taylor";
				TargetAttributes = {
					17D941691B02321700EC885E = {
						CreatedOnToolsVersion = 6.3.1;
					};
				};
			};
			buildConfigurationList = 17D941651B02321700EC885E /* Build configuration list for PBXProject "Measurement" */;
			compatibilityVersion = "Xcode 3.2";
			developmentRegion = English;
			hasScannedForEncodings = 0;
			knownRegions = (
				en,
			);
			mainGroup = 17D941611B02321700EC885E;
			productRefGroup = 17D9416B1B02321700EC885E /* Products */;
			projectDirPath = "";
			projectRoot = "";
			targets = (
				17D941691B02321700EC885E /* Measurement */,
			);
		};
/* End PBXProject section */

/* Begin PBXSourcesBuildPhase section */
		17D941661B02321700EC885E /* Sources */ = {
			isa = PBXSourcesBuildPhase;
			buildActionMask = 2147483647;
			files = (
				17D941761B02330D00EC885E /* measurement.m in Sources */,
				17D9416E1B02321700EC885E /* main.m in Sources */,
			);
			runOnlyForDeploymentPostprocessing = 0;
		};
/* End PBXSourcesBuildPhase section */

/* Begin XCBuildConfiguration section */
		17D9416F1B02321700EC885E /* Debug */ = {
			isa = XCBuildConfiguration;
			buildSettings = {
				ALWAYS_SEARCH_USER_PATHS = NO;
				CLANG_CXX_LANGUAGE_STANDARD = "gnu++0x";
				CLANG_CXX_LIBRARY = "libc++";
				CLANG_ENABLE_MODULES = YES;
				CLANG_ENABLE_OBJC_ARC = YES;
				CLANG_WARN_BOOL_CONVERSION = YES;
				CLANG_WARN_CONSTANT_CONVERSION = YES;
				CLANG_WARN_DIRECT_OBJC_ISA_USAGE = YES_ERROR;
				CLANG_WARN_EMPTY_BODY = YES;
				CLANG_WARN_ENUM_CONVERSION = YES;
				CLANG_WARN_INT_CONVERSION = YES;
				CLANG_WARN_OBJC_ROOT_CLASS = YES_ERROR;
				CLANG_WARN_UNREACHABLE_CODE = YES;
				CLANG_WARN__DUPLICATE_METHOD_MATCH = YES;
				COPY_PHASE_STRIP = NO;
				DEBUG_INFORMATION_FORMAT = dwarf;
				ENABLE_STRICT_OBJC_MSGSEND = YES;
				GCC_C_LANGUAGE_STANDARD = gnu99;
				GCC_DYNAMIC_NO_PIC = NO;
				GCC_NO_COMMON_BLOCKS = YES;
				GCC_OPTIMIZATION_LEVEL = 0;
				GCC_PREPROCESSOR_DEFINITIONS = (
					"DEBUG=1",
					"$(inherited)",
				);
				GCC_SYMBOLS_PRIVATE_EXTERN = NO;
				GCC_WARN_64_TO_32_BIT_CONVERSION = YES;
				GCC_WARN_ABOUT_RETURN_TYPE = YES_ERROR;
				GCC_WARN_UNDECLARED_SELECTOR = YES;
				GCC_WARN_UNINITIALIZED_AUTOS = YES_AGGRESSIVE;
				GCC_WARN_UNUSED_FUNCTION = YES;
				GCC_WARN_UNUSED_VARIABLE = YES;
				MACOSX_DEPLOYMENT_TARGET = 10.10;
				MTL_ENABLE_DEBUG_INFO = YES;
				ONLY_ACTIVE_ARCH = YES;
				SDKROOT = macosx;
			};
			name = Debug;
		};
		17D941701B02321700EC885E /* Release */ = {
			isa = XCBuildConfiguration;
			buildSettings = {
				ALWAYS_SEARCH_USER_PATHS = NO;
				CLANG_CXX_LANGUAGE_STANDARD = "gnu++0x";
				CLANG_CXX_LIBRARY = "libc++";
				CLANG_ENABLE_MODULES = YES;
				CLANG_ENABLE_OBJC_ARC = YES;
				CLANG_WARN_BOOL_CONVERSION = YES;
				CLANG_WARN_CONSTANT_CONVERSION = YES;
				CLANG_WARN_DIRECT_OBJC_ISA_USAGE = YES_ERROR;
				CLANG_WARN_EMPTY_BODY = YES;
				CLANG_WARN_ENUM_CONVERSION = YES;
				CLANG_WARN_INT_CONVERSION = YES;
				CLANG_WARN_OBJC_ROOT_CLASS = YES_ERROR;
				CLANG_WARN_UNREACHABLE_CODE = YES;
				CLANG_WARN__DUPLICATE_METHOD_MATCH = YES;
				COPY_PHASE_STRIP = NO;
				DEBUG_INFORMATION_FORMAT = "dwarf-with-dsym";
				ENABLE_NS_ASSERTIONS = NO;
				ENABLE_STRICT_OBJC_MSGSEND = YES;
				GCC_C_LANGUAGE_STANDARD = gnu99;
				GCC_NO_COMMON_BLOCKS = YES;
				GCC_WARN_64_TO_32_BIT_CONVERSION = YES;
				GCC_WARN_ABOUT_RETURN_TYPE = YES_ERROR;
				GCC_WARN_UNDECLARED_SELECTOR = YES;
				GCC_WARN_UNINITIALIZED_AUTOS = YES_AGGRESSIVE;
				GCC_WARN_UNUSED_FUNCTION = YES;
				GCC_WARN_UNUSED_VARIABLE = YES;
				MACOSX_DEPLOYMENT_TARGET = 10.10;
				MTL_ENABLE_DEBUG_INFO = NO;
				SDKROOT = macosx;
			};
			name = Release;
		};
		17D941721B02321700EC885E /* Debug */ = {
			isa = XCBuildConfiguration;
			buildSettings = {
				PRODUCT_NAME = "$(TARGET_NAME)";
			};
			name = Debug;
		};
		17D941731B02321700EC885E /* Release */ = {
			isa = XCBuildConfiguration;
			buildSettings = {
				PRODUCT_NAME = "$(TARGET_NAME)";
			};
			name = Release;
		};
/* End XCBuildConfiguration section */

/* Begin XCConfigurationList section */
		17D941651B02321700EC885E /* Build configuration list for PBXProject "Measurement" */ = {
			isa = XCConfigurationList;
			buildConfigurations = (
				17D9416F1B02321700EC885E /* Debug */,
				17D941701B02321700EC885E /* Release */,
			);
			defaultConfigurationIsVisible = 0;
			defaultConfigurationName = Release;
		};
		17D941711B02321700EC885E /* Build configuration list for PBXNativeTarget "Measurement" */ = {
			isa = XCConfigurationList;
			buildConfigurations = (
				17D941721B02321700EC885E /* Debug */,
				17D941731B02321700EC885E /* Release */,
			);
			defaultConfigurationIsVisible = 0;
		};
/* End XCConfigurationList section */
	};
	rootObject = 17D941621B02321700EC885E /* Project object */;
}
